
Microsoft Visual Studio Solution File, Format Version 12.00
# Visual Studio 2012
# SharpDevelop 5.0
VisualStudioVersion = 12.0.20827.3
MinimumVisualStudioVersion = 10.0.40219.1
Project("{FAE04EC0-301F-11D3-BF4B-00C04F79EFBC}") = "gen.snd.common", "..\source\gen.snd.common\gen.snd.common.csproj", "{669C9CD9-8B80-4D6D-B5D7-A39B1224A50E}"
EndProject
Project("{2150E333-8FDC-42A3-9474-1A3956D46DE8}") = "cor3", "cor3", "{EB841CAE-6EF4-4668-907E-53A882CE2847}"
EndProject
Project("{FAE04EC0-301F-11D3-BF4B-00C04F79EFBC}") = "System.Cor3.Forms-Net40", "..\source\cor3.forms\System.Cor3.Forms-Net40.csproj", "{85AB9D2D-26E2-4536-B01C-8BA24E1F4615}"
EndProject
Project("{FAE04EC0-301F-11D3-BF4B-00C04F79EFBC}") = "System.Cor3-Net40", "..\source\cor3.core\System.Cor3-Net40.csproj", "{36A13D56-FD3A-4AF3-B608-9C84FAACC41F}"
EndProject
Project("{FAE04EC0-301F-11D3-BF4B-00C04F79EFBC}") = "gen.snd.vst", "..\Source\gen.snd.vst\gen.snd.vst.csproj", "{3AE94169-B621-4352-9661-E5B293083C14}"
EndProject
Project("{FAE04EC0-301F-11D3-BF4B-00C04F79EFBC}") = "gen.snd.vst-smf-test", "..\Source\gen.snd.vst-smf-test\gen.snd.vst-smf-test.csproj", "{F8A9D892-7F27-4501-8DDF-4970674477DA}"
EndProject
Global
	GlobalSection(SolutionConfigurationPlatforms) = preSolution
		Debug|Any CPU = Debug|Any CPU
		Debug|Jacobi_x86 = Debug|Jacobi_x86
		Debug|Mixed Platforms = Debug|Mixed Platforms
		Debug|x86 = Debug|x86
		Debug|x86x64 = Debug|x86x64
		Debug|XP_x86 = Debug|XP_x86
		Release|Any CPU = Release|Any CPU
		Release|Jacobi_x86 = Release|Jacobi_x86
		Release|Mixed Platforms = Release|Mixed Platforms
		Release|x86 = Release|x86
		Release|x86x64 = Release|x86x64
		Release|XP_x86 = Release|XP_x86
	EndGlobalSection
	GlobalSection(ProjectConfigurationPlatforms) = postSolution
		{669C9CD9-8B80-4D6D-B5D7-A39B1224A50E}.Debug|Any CPU.ActiveCfg = Debug|Any CPU
		{669C9CD9-8B80-4D6D-B5D7-A39B1224A50E}.Debug|Any CPU.Build.0 = Debug|Any CPU
		{669C9CD9-8B80-4D6D-B5D7-A39B1224A50E}.Debug|Jacobi_x86.ActiveCfg = Debug|Jacobi_x86
		{669C9CD9-8B80-4D6D-B5D7-A39B1224A50E}.Debug|Jacobi_x86.Build.0 = Debug|Jacobi_x86
		{669C9CD9-8B80-4D6D-B5D7-A39B1224A50E}.Debug|Mixed Platforms.ActiveCfg = Debug|x86
		{669C9CD9-8B80-4D6D-B5D7-A39B1224A50E}.Debug|Mixed Platforms.Build.0 = Debug|x86
		{669C9CD9-8B80-4D6D-B5D7-A39B1224A50E}.Debug|x86.ActiveCfg = Debug|x86
		{669C9CD9-8B80-4D6D-B5D7-A39B1224A50E}.Debug|x86.Build.0 = Debug|x86
		{669C9CD9-8B80-4D6D-B5D7-A39B1224A50E}.Debug|x86x64.ActiveCfg = Debug|x86x64
		{669C9CD9-8B80-4D6D-B5D7-A39B1224A50E}.Debug|x86x64.Build.0 = Debug|x86x64
		{669C9CD9-8B80-4D6D-B5D7-A39B1224A50E}.Debug|XP_x86.ActiveCfg = Debug|XP_x86
		{669C9CD9-8B80-4D6D-B5D7-A39B1224A50E}.Debug|XP_x86.Build.0 = Debug|XP_x86
		{669C9CD9-8B80-4D6D-B5D7-A39B1224A50E}.Release|Any CPU.ActiveCfg = Release|Any CPU
		{669C9CD9-8B80-4D6D-B5D7-A39B1224A50E}.Release|Any CPU.Build.0 = Release|Any CPU
		{669C9CD9-8B80-4D6D-B5D7-A39B1224A50E}.Release|Jacobi_x86.ActiveCfg = Release|Jacobi_x86
		{669C9CD9-8B80-4D6D-B5D7-A39B1224A50E}.Release|Jacobi_x86.Build.0 = Release|Jacobi_x86
		{669C9CD9-8B80-4D6D-B5D7-A39B1224A50E}.Release|Mixed Platforms.ActiveCfg = Release|x86
		{669C9CD9-8B80-4D6D-B5D7-A39B1224A50E}.Release|Mixed Platforms.Build.0 = Release|x86
		{669C9CD9-8B80-4D6D-B5D7-A39B1224A50E}.Release|x86.ActiveCfg = Release|x86
		{669C9CD9-8B80-4D6D-B5D7-A39B1224A50E}.Release|x86.Build.0 = Release|x86
		{669C9CD9-8B80-4D6D-B5D7-A39B1224A50E}.Release|x86x64.ActiveCfg = Release|x86x64
		{669C9CD9-8B80-4D6D-B5D7-A39B1224A50E}.Release|x86x64.Build.0 = Release|x86x64
		{669C9CD9-8B80-4D6D-B5D7-A39B1224A50E}.Release|XP_x86.ActiveCfg = Release|XP_x86
		{669C9CD9-8B80-4D6D-B5D7-A39B1224A50E}.Release|XP_x86.Build.0 = Release|XP_x86
		{85AB9D2D-26E2-4536-B01C-8BA24E1F4615}.Debug|Any CPU.ActiveCfg = Debug|Any CPU
		{85AB9D2D-26E2-4536-B01C-8BA24E1F4615}.Debug|Any CPU.Build.0 = Debug|Any CPU
		{85AB9D2D-26E2-4536-B01C-8BA24E1F4615}.Debug|Jacobi_x86.ActiveCfg = Debug|Any CPU
		{85AB9D2D-26E2-4536-B01C-8BA24E1F4615}.Debug|Mixed Platforms.ActiveCfg = Debug|Any CPU
		{85AB9D2D-26E2-4536-B01C-8BA24E1F4615}.Debug|Mixed Platforms.Build.0 = Debug|Any CPU
		{85AB9D2D-26E2-4536-B01C-8BA24E1F4615}.Debug|x86.ActiveCfg = Debug|Any CPU
		{85AB9D2D-26E2-4536-B01C-8BA24E1F4615}.Debug|x86x64.ActiveCfg = Debug|Any CPU
		{85AB9D2D-26E2-4536-B01C-8BA24E1F4615}.Debug|XP_x86.ActiveCfg = Debug|Any CPU
		{85AB9D2D-26E2-4536-B01C-8BA24E1F4615}.Release|Any CPU.ActiveCfg = Release|Any CPU
		{85AB9D2D-26E2-4536-B01C-8BA24E1F4615}.Release|Any CPU.Build.0 = Release|Any CPU
		{85AB9D2D-26E2-4536-B01C-8BA24E1F4615}.Release|Jacobi_x86.ActiveCfg = Release|Any CPU
		{85AB9D2D-26E2-4536-B01C-8BA24E1F4615}.Release|Mixed Platforms.ActiveCfg = Release|Any CPU
		{85AB9D2D-26E2-4536-B01C-8BA24E1F4615}.Release|Mixed Platforms.Build.0 = Release|Any CPU
		{85AB9D2D-26E2-4536-B01C-8BA24E1F4615}.Release|x86.ActiveCfg = Release|Any CPU
		{85AB9D2D-26E2-4536-B01C-8BA24E1F4615}.Release|x86x64.ActiveCfg = Release|Any CPU
		{85AB9D2D-26E2-4536-B01C-8BA24E1F4615}.Release|XP_x86.ActiveCfg = Release|Any CPU
		{36A13D56-FD3A-4AF3-B608-9C84FAACC41F}.Debug|Any CPU.ActiveCfg = Debug|Any CPU
		{36A13D56-FD3A-4AF3-B608-9C84FAACC41F}.Debug|Any CPU.Build.0 = Debug|Any CPU
		{36A13D56-FD3A-4AF3-B608-9C84FAACC41F}.Debug|Jacobi_x86.ActiveCfg = Debug|Any CPU
		{36A13D56-FD3A-4AF3-B608-9C84FAACC41F}.Debug|Mixed Platforms.ActiveCfg = Debug|Any CPU
		{36A13D56-FD3A-4AF3-B608-9C84FAACC41F}.Debug|Mixed Platforms.Build.0 = Debug|Any CPU
		{36A13D56-FD3A-4AF3-B608-9C84FAACC41F}.Debug|x86.ActiveCfg = Debug|Any CPU
		{36A13D56-FD3A-4AF3-B608-9C84FAACC41F}.Debug|x86x64.ActiveCfg = Debug|Any CPU
		{36A13D56-FD3A-4AF3-B608-9C84FAACC41F}.Debug|XP_x86.ActiveCfg = Debug|Any CPU
		{36A13D56-FD3A-4AF3-B608-9C84FAACC41F}.Release|Any CPU.ActiveCfg = Release|Any CPU
		{36A13D56-FD3A-4AF3-B608-9C84FAACC41F}.Release|Any CPU.Build.0 = Release|Any CPU
		{36A13D56-FD3A-4AF3-B608-9C84FAACC41F}.Release|Jacobi_x86.ActiveCfg = Release|Any CPU
		{36A13D56-FD3A-4AF3-B608-9C84FAACC41F}.Release|Mixed Platforms.ActiveCfg = Release|Any CPU
		{36A13D56-FD3A-4AF3-B608-9C84FAACC41F}.Release|Mixed Platforms.Build.0 = Release|Any CPU
		{36A13D56-FD3A-4AF3-B608-9C84FAACC41F}.Release|x86.ActiveCfg = Release|Any CPU
		{36A13D56-FD3A-4AF3-B608-9C84FAACC41F}.Release|x86x64.ActiveCfg = Release|Any CPU
		{36A13D56-FD3A-4AF3-B608-9C84FAACC41F}.Release|XP_x86.ActiveCfg = Release|Any CPU
		{3AE94169-B621-4352-9661-E5B293083C14}.Debug|Any CPU.ActiveCfg = Debug|x86
		{3AE94169-B621-4352-9661-E5B293083C14}.Debug|Jacobi_x86.ActiveCfg = Debug|Jacobi_x86
		{3AE94169-B621-4352-9661-E5B293083C14}.Debug|Jacobi_x86.Build.0 = Debug|Jacobi_x86
		{3AE94169-B621-4352-9661-E5B293083C14}.Debug|Mixed Platforms.ActiveCfg = Debug|x86
		{3AE94169-B621-4352-9661-E5B293083C14}.Debug|Mixed Platforms.Build.0 = Debug|x86
		{3AE94169-B621-4352-9661-E5B293083C14}.Debug|x86.ActiveCfg = Debug|x86
		{3AE94169-B621-4352-9661-E5B293083C14}.Debug|x86.Build.0 = Debug|x86
		{3AE94169-B621-4352-9661-E5B293083C14}.Debug|x86x64.ActiveCfg = Debug|x86x64
		{3AE94169-B621-4352-9661-E5B293083C14}.Debug|x86x64.Build.0 = Debug|x86x64
		{3AE94169-B621-4352-9661-E5B293083C14}.Debug|XP_x86.ActiveCfg = Debug|XP_x86
		{3AE94169-B621-4352-9661-E5B293083C14}.Debug|XP_x86.Build.0 = Debug|XP_x86
		{3AE94169-B621-4352-9661-E5B293083C14}.Release|Any CPU.ActiveCfg = Release|x86
		{3AE94169-B621-4352-9661-E5B293083C14}.Release|Jacobi_x86.ActiveCfg = Release|Jacobi_x86
		{3AE94169-B621-4352-9661-E5B293083C14}.Release|Jacobi_x86.Build.0 = Release|Jacobi_x86
		{3AE94169-B621-4352-9661-E5B293083C14}.Release|Mixed Platforms.ActiveCfg = Release|x86
		{3AE94169-B621-4352-9661-E5B293083C14}.Release|Mixed Platforms.Build.0 = Release|x86
		{3AE94169-B621-4352-9661-E5B293083C14}.Release|x86.ActiveCfg = Release|x86
		{3AE94169-B621-4352-9661-E5B293083C14}.Release|x86.Build.0 = Release|x86
		{3AE94169-B621-4352-9661-E5B293083C14}.Release|x86x64.ActiveCfg = Release|x86x64
		{3AE94169-B621-4352-9661-E5B293083C14}.Release|x86x64.Build.0 = Release|x86x64
		{3AE94169-B621-4352-9661-E5B293083C14}.Release|XP_x86.ActiveCfg = Release|XP_x86
		{3AE94169-B621-4352-9661-E5B293083C14}.Release|XP_x86.Build.0 = Release|XP_x86
		{F8A9D892-7F27-4501-8DDF-4970674477DA}.Debug|Any CPU.ActiveCfg = Debug|Any CPU
		{F8A9D892-7F27-4501-8DDF-4970674477DA}.Debug|Any CPU.Build.0 = Debug|Any CPU
		{F8A9D892-7F27-4501-8DDF-4970674477DA}.Debug|Jacobi_x86.ActiveCfg = Debug|Jacobi_x86
		{F8A9D892-7F27-4501-8DDF-4970674477DA}.Debug|Jacobi_x86.Build.0 = Debug|Jacobi_x86
		{F8A9D892-7F27-4501-8DDF-4970674477DA}.Debug|Mixed Platforms.ActiveCfg = Debug|Mixed Platforms
		{F8A9D892-7F27-4501-8DDF-4970674477DA}.Debug|Mixed Platforms.Build.0 = Debug|Mixed Platforms
		{F8A9D892-7F27-4501-8DDF-4970674477DA}.Debug|x86.ActiveCfg = Debug|x86
		{F8A9D892-7F27-4501-8DDF-4970674477DA}.Debug|x86.Build.0 = Debug|x86
		{F8A9D892-7F27-4501-8DDF-4970674477DA}.Debug|x86x64.ActiveCfg = Debug|x86x64
		{F8A9D892-7F27-4501-8DDF-4970674477DA}.Debug|x86x64.Build.0 = Debug|x86x64
		{F8A9D892-7F27-4501-8DDF-4970674477DA}.Debug|XP_x86.ActiveCfg = Debug|XP_x86
		{F8A9D892-7F27-4501-8DDF-4970674477DA}.Debug|XP_x86.Build.0 = Debug|XP_x86
		{F8A9D892-7F27-4501-8DDF-4970674477DA}.Release|Any CPU.ActiveCfg = Release|Any CPU
		{F8A9D892-7F27-4501-8DDF-4970674477DA}.Release|Any CPU.Build.0 = Release|Any CPU
		{F8A9D892-7F27-4501-8DDF-4970674477DA}.Release|Jacobi_x86.ActiveCfg = Release|Jacobi_x86
		{F8A9D892-7F27-4501-8DDF-4970674477DA}.Release|Jacobi_x86.Build.0 = Release|Jacobi_x86
		{F8A9D892-7F27-4501-8DDF-4970674477DA}.Release|Mixed Platforms.ActiveCfg = Release|Mixed Platforms
		{F8A9D892-7F27-4501-8DDF-4970674477DA}.Release|Mixed Platforms.Build.0 = Release|Mixed Platforms
		{F8A9D892-7F27-4501-8DDF-4970674477DA}.Release|x86.ActiveCfg = Release|x86
		{F8A9D892-7F27-4501-8DDF-4970674477DA}.Release|x86.Build.0 = Release|x86
		{F8A9D892-7F27-4501-8DDF-4970674477DA}.Release|x86x64.ActiveCfg = Release|x86x64
		{F8A9D892-7F27-4501-8DDF-4970674477DA}.Release|x86x64.Build.0 = Release|x86x64
		{F8A9D892-7F27-4501-8DDF-4970674477DA}.Release|XP_x86.ActiveCfg = Release|XP_x86
		{F8A9D892-7F27-4501-8DDF-4970674477DA}.Release|XP_x86.Build.0 = Release|XP_x86
	EndGlobalSection
	GlobalSection(SolutionProperties) = preSolution
		HideSolutionNode = FALSE
	EndGlobalSection
	GlobalSection(NestedProjects) = preSolution
		{85AB9D2D-26E2-4536-B01C-8BA24E1F4615} = {EB841CAE-6EF4-4668-907E-53A882CE2847}
		{36A13D56-FD3A-4AF3-B608-9C84FAACC41F} = {EB841CAE-6EF4-4668-907E-53A882CE2847}
	EndGlobalSection
EndGlobal
